
Microsoft Visual Studio Solution File, Format Version 12.00
# Visual Studio Version 17
VisualStudioVersion = 17.5.33414.496
MinimumVisualStudioVersion = 10.0.40219.1
Project("{FAE04EC0-301F-11D3-BF4B-00C04F79EFBC}") = "Busses", "Busses.csproj", "{B96CA60A-AB5F-44DB-9DEC-8189815A50ED}"
EndProject
Global
	GlobalSection(SolutionConfigurationPlatforms) = preSolution
		Debug|Any CPU = Debug|Any CPU
		Release|Any CPU = Release|Any CPU
	EndGlobalSection
	GlobalSection(ProjectConfigurationPlatforms) = postSolution
		{B96CA60A-AB5F-44DB-9DEC-8189815A50ED}.Debug|Any CPU.ActiveCfg = Debug|Any CPU
		{B96CA60A-AB5F-44DB-9DEC-8189815A50ED}.Debug|Any CPU.Build.0 = Debug|Any CPU
		{B96CA60A-AB5F-44DB-9DEC-8189815A50ED}.Release|Any CPU.ActiveCfg = Release|Any CPU
		{B96CA60A-AB5F-44DB-9DEC-8189815A50ED}.Release|Any CPU.Build.0 = Release|Any CPU
	EndGlobalSection
	GlobalSection(SolutionProperties) = preSolution
		HideSolutionNode = FALSE
	EndGlobalSection
	GlobalSection(ExtensibilityGlobals) = postSolution
		SolutionGuid = {936DA785-3415-4CFE-9A72-4B706FF7FC9D}
	EndGlobalSection
EndGlobal
