
Microsoft Visual Studio Solution File, Format Version 12.00
# Visual Studio Version 17
VisualStudioVersion = 17.5.33414.496
MinimumVisualStudioVersion = 10.0.40219.1
Project("{FAE04EC0-301F-11D3-BF4B-00C04F79EFBC}") = "Film rating system", "Film rating system.csproj", "{2DF6BC4E-C6B8-41D1-A796-71342A0F215B}"
EndProject
Global
	GlobalSection(SolutionConfigurationPlatforms) = preSolution
		Debug|Any CPU = Debug|Any CPU
		Release|Any CPU = Release|Any CPU
	EndGlobalSection
	GlobalSection(ProjectConfigurationPlatforms) = postSolution
		{2DF6BC4E-C6B8-41D1-A796-71342A0F215B}.Debug|Any CPU.ActiveCfg = Debug|Any CPU
		{2DF6BC4E-C6B8-41D1-A796-71342A0F215B}.Debug|Any CPU.Build.0 = Debug|Any CPU
		{2DF6BC4E-C6B8-41D1-A796-71342A0F215B}.Release|Any CPU.ActiveCfg = Release|Any CPU
		{2DF6BC4E-C6B8-41D1-A796-71342A0F215B}.Release|Any CPU.Build.0 = Release|Any CPU
	EndGlobalSection
	GlobalSection(SolutionProperties) = preSolution
		HideSolutionNode = FALSE
	EndGlobalSection
	GlobalSection(ExtensibilityGlobals) = postSolution
		SolutionGuid = {DEF7D004-1935-463E-9100-333D1871C0D7}
	EndGlobalSection
EndGlobal
