
Microsoft Visual Studio Solution File, Format Version 12.00
# Visual Studio Version 17
VisualStudioVersion = 17.5.33414.496
MinimumVisualStudioVersion = 10.0.40219.1
Project("{FAE04EC0-301F-11D3-BF4B-00C04F79EFBC}") = "WindowsFormsApp1", "WindowsFormsApp1.csproj", "{563A79FB-2B22-4602-91D1-E2115BC956BA}"
EndProject
Global
	GlobalSection(SolutionConfigurationPlatforms) = preSolution
		Debug|Any CPU = Debug|Any CPU
		Release|Any CPU = Release|Any CPU
	EndGlobalSection
	GlobalSection(ProjectConfigurationPlatforms) = postSolution
		{563A79FB-2B22-4602-91D1-E2115BC956BA}.Debug|Any CPU.ActiveCfg = Debug|Any CPU
		{563A79FB-2B22-4602-91D1-E2115BC956BA}.Debug|Any CPU.Build.0 = Debug|Any CPU
		{563A79FB-2B22-4602-91D1-E2115BC956BA}.Release|Any CPU.ActiveCfg = Release|Any CPU
		{563A79FB-2B22-4602-91D1-E2115BC956BA}.Release|Any CPU.Build.0 = Release|Any CPU
	EndGlobalSection
	GlobalSection(SolutionProperties) = preSolution
		HideSolutionNode = FALSE
	EndGlobalSection
	GlobalSection(ExtensibilityGlobals) = postSolution
		SolutionGuid = {A1B1A289-31ED-45E3-973F-09D3FC2C554D}
	EndGlobalSection
EndGlobal
