
Microsoft Visual Studio Solution File, Format Version 12.00
# Visual Studio Version 17
VisualStudioVersion = 17.5.33414.496
MinimumVisualStudioVersion = 10.0.40219.1
Project("{FAE04EC0-301F-11D3-BF4B-00C04F79EFBC}") = "Airports", "Airports.csproj", "{141BFD67-17FD-46DD-8DF1-CB20095F991F}"
EndProject
Global
	GlobalSection(SolutionConfigurationPlatforms) = preSolution
		Debug|Any CPU = Debug|Any CPU
		Release|Any CPU = Release|Any CPU
	EndGlobalSection
	GlobalSection(ProjectConfigurationPlatforms) = postSolution
		{141BFD67-17FD-46DD-8DF1-CB20095F991F}.Debug|Any CPU.ActiveCfg = Debug|Any CPU
		{141BFD67-17FD-46DD-8DF1-CB20095F991F}.Debug|Any CPU.Build.0 = Debug|Any CPU
		{141BFD67-17FD-46DD-8DF1-CB20095F991F}.Release|Any CPU.ActiveCfg = Release|Any CPU
		{141BFD67-17FD-46DD-8DF1-CB20095F991F}.Release|Any CPU.Build.0 = Release|Any CPU
	EndGlobalSection
	GlobalSection(SolutionProperties) = preSolution
		HideSolutionNode = FALSE
	EndGlobalSection
	GlobalSection(ExtensibilityGlobals) = postSolution
		SolutionGuid = {90E5BAC5-7EB5-4504-90A3-B8807BF9F1C5}
	EndGlobalSection
EndGlobal
