
Microsoft Visual Studio Solution File, Format Version 12.00
# Visual Studio Version 17
VisualStudioVersion = 17.5.33414.496
MinimumVisualStudioVersion = 10.0.40219.1
Project("{FAE04EC0-301F-11D3-BF4B-00C04F79EFBC}") = "ColorCircles", "ColorCircles.csproj", "{9594E7F8-BB29-4B4A-AD83-26D91C6EBE86}"
EndProject
Global
	GlobalSection(SolutionConfigurationPlatforms) = preSolution
		Debug|Any CPU = Debug|Any CPU
		Release|Any CPU = Release|Any CPU
	EndGlobalSection
	GlobalSection(ProjectConfigurationPlatforms) = postSolution
		{9594E7F8-BB29-4B4A-AD83-26D91C6EBE86}.Debug|Any CPU.ActiveCfg = Debug|Any CPU
		{9594E7F8-BB29-4B4A-AD83-26D91C6EBE86}.Debug|Any CPU.Build.0 = Debug|Any CPU
		{9594E7F8-BB29-4B4A-AD83-26D91C6EBE86}.Release|Any CPU.ActiveCfg = Release|Any CPU
		{9594E7F8-BB29-4B4A-AD83-26D91C6EBE86}.Release|Any CPU.Build.0 = Release|Any CPU
	EndGlobalSection
	GlobalSection(SolutionProperties) = preSolution
		HideSolutionNode = FALSE
	EndGlobalSection
	GlobalSection(ExtensibilityGlobals) = postSolution
		SolutionGuid = {E81C6E07-DB3B-40EA-A87F-9ECE5818202E}
	EndGlobalSection
EndGlobal
